
Microsoft Visual Studio Solution File, Format Version 12.00
# Visual Studio Version 17
VisualStudioVersion = 17.10.34607.79
MinimumVisualStudioVersion = 10.0.40219.1
Project("{9A19103F-16F7-4668-BE54-9A1E7A4F7556}") = "ClassIsland.ManagementServer.Server", "ClassIsland.ManagementServer.Server\ClassIsland.ManagementServer.Server.csproj", "{C5FBFE86-191C-4EE2-9065-1F4648670D73}"
EndProject
Project("{2150E333-8FDC-42A3-9474-1A3956D46DE8}") = "Server", "Server", "{10773FE0-1E7E-4BB9-8BE3-1CD0AE51AFDA}"
EndProject
Project("{9A19103F-16F7-4668-BE54-9A1E7A4F7556}") = "ClassIsland.Core", "ClassIsland.Core\ClassIsland.Core.csproj", "{2B097DB8-BE75-4EFA-92A7-537D9E324C77}"
EndProject
Project("{54A90642-561A-4BB1-A94E-469ADEE60C69}") = "classisland.managementserver.client", "classisland.managementserver.client\classisland.managementserver.client.esproj", "{075A4E9B-DEAC-4835-BE3A-6EDB97FEDD34}"
EndProject
Project("{FAE04EC0-301F-11D3-BF4B-00C04F79EFBC}") = "ClassIsland.Shared.IPC", "ClassIsland.Shared.IPC\ClassIsland.Shared.IPC.csproj", "{E1FBB2F8-311C-46CB-ADB9-9C1C886FE5FB}"
EndProject
Global
	GlobalSection(SolutionConfigurationPlatforms) = preSolution
		Debug|Any CPU = Debug|Any CPU
		Release|Any CPU = Release|Any CPU
	EndGlobalSection
	GlobalSection(ProjectConfigurationPlatforms) = postSolution
		{C5FBFE86-191C-4EE2-9065-1F4648670D73}.Debug|Any CPU.ActiveCfg = Debug|Any CPU
		{C5FBFE86-191C-4EE2-9065-1F4648670D73}.Debug|Any CPU.Build.0 = Debug|Any CPU
		{C5FBFE86-191C-4EE2-9065-1F4648670D73}.Release|Any CPU.ActiveCfg = Release|Any CPU
		{C5FBFE86-191C-4EE2-9065-1F4648670D73}.Release|Any CPU.Build.0 = Release|Any CPU
		{2B097DB8-BE75-4EFA-92A7-537D9E324C77}.Debug|Any CPU.ActiveCfg = Debug|Any CPU
		{2B097DB8-BE75-4EFA-92A7-537D9E324C77}.Debug|Any CPU.Build.0 = Debug|Any CPU
		{2B097DB8-BE75-4EFA-92A7-537D9E324C77}.Release|Any CPU.ActiveCfg = Release|Any CPU
		{2B097DB8-BE75-4EFA-92A7-537D9E324C77}.Release|Any CPU.Build.0 = Release|Any CPU
		{075A4E9B-DEAC-4835-BE3A-6EDB97FEDD34}.Debug|Any CPU.ActiveCfg = Debug|Any CPU
		{075A4E9B-DEAC-4835-BE3A-6EDB97FEDD34}.Debug|Any CPU.Build.0 = Debug|Any CPU
		{075A4E9B-DEAC-4835-BE3A-6EDB97FEDD34}.Debug|Any CPU.Deploy.0 = Debug|Any CPU
		{075A4E9B-DEAC-4835-BE3A-6EDB97FEDD34}.Release|Any CPU.ActiveCfg = Release|Any CPU
		{075A4E9B-DEAC-4835-BE3A-6EDB97FEDD34}.Release|Any CPU.Build.0 = Release|Any CPU
		{075A4E9B-DEAC-4835-BE3A-6EDB97FEDD34}.Release|Any CPU.Deploy.0 = Release|Any CPU
		{E1FBB2F8-311C-46CB-ADB9-9C1C886FE5FB}.Debug|Any CPU.ActiveCfg = Debug|Any CPU
		{E1FBB2F8-311C-46CB-ADB9-9C1C886FE5FB}.Debug|Any CPU.Build.0 = Debug|Any CPU
		{E1FBB2F8-311C-46CB-ADB9-9C1C886FE5FB}.Release|Any CPU.ActiveCfg = Release|Any CPU
		{E1FBB2F8-311C-46CB-ADB9-9C1C886FE5FB}.Release|Any CPU.Build.0 = Release|Any CPU
	EndGlobalSection
	GlobalSection(SolutionProperties) = preSolution
		HideSolutionNode = FALSE
	EndGlobalSection
	GlobalSection(NestedProjects) = preSolution
		{C5FBFE86-191C-4EE2-9065-1F4648670D73} = {10773FE0-1E7E-4BB9-8BE3-1CD0AE51AFDA}
		{075A4E9B-DEAC-4835-BE3A-6EDB97FEDD34} = {10773FE0-1E7E-4BB9-8BE3-1CD0AE51AFDA}
	EndGlobalSection
	GlobalSection(ExtensibilityGlobals) = postSolution
		SolutionGuid = {53CFB226-7DB2-4F48-B656-6BE5C8738D49}
	EndGlobalSection
EndGlobal
